// !$*UTF8*$!
{
	archiveVersion = 1;
	classes = {
	};
	objectVersion = 46;
	objects = {

/* Begin PBXBuildFile section */
		7303C3EB1C727DB800EDD317 /* RentedListingsCollectionViewCell.swift in Sources */ = {isa = PBXBuildFile; fileRef = 7303C3EA1C727DB700EDD317 /* RentedListingsCollectionViewCell.swift */; };
		730CAA3C1C762F44000BE681 /* Payments.storyboard in Resources */ = {isa = PBXBuildFile; fileRef = 730CAA3B1C762F43000BE681 /* Payments.storyboard */; };
		730CAA401C76300F000BE681 /* PaymentMethodTableViewCell.swift in Sources */ = {isa = PBXBuildFile; fileRef = 730CAA3F1C76300F000BE681 /* PaymentMethodTableViewCell.swift */; };
		730CAA421C76307A000BE681 /* PaymentMethodsVC.swift in Sources */ = {isa = PBXBuildFile; fileRef = 730CAA411C76307A000BE681 /* PaymentMethodsVC.swift */; };
		730CAA441C766128000BE681 /* PaymentsServiceProvider.swift in Sources */ = {isa = PBXBuildFile; fileRef = 730CAA431C766128000BE681 /* PaymentsServiceProvider.swift */; };
		730CAA461C7822B1000BE681 /* UIElements.swift in Sources */ = {isa = PBXBuildFile; fileRef = 730CAA451C7822B1000BE681 /* UIElements.swift */; };
		730CF8961C97F47600D934A3 /* NewListingImageVC.swift in Sources */ = {isa = PBXBuildFile; fileRef = 730CF8951C97F47600D934A3 /* NewListingImageVC.swift */; };
		730CF8981C97F5BA00D934A3 /* NewListingTypeVC.swift in Sources */ = {isa = PBXBuildFile; fileRef = 730CF8971C97F5BA00D934A3 /* NewListingTypeVC.swift */; };
		730CF89A1C9907F200D934A3 /* SuccessVC.swift in Sources */ = {isa = PBXBuildFile; fileRef = 730CF8991C9907F200D934A3 /* SuccessVC.swift */; };
		730CF89C1C99131F00D934A3 /* AnimatedCheckmarkView.swift in Sources */ = {isa = PBXBuildFile; fileRef = 730CF89B1C99131F00D934A3 /* AnimatedCheckmarkView.swift */; };
		73147D961C61AAD800FD70B8 /* MapKit.framework in Frameworks */ = {isa = PBXBuildFile; fileRef = 73147D951C61AAD800FD70B8 /* MapKit.framework */; };
		73147DA51C62EBB500FD70B8 /* FBSDKCoreKit.framework in Frameworks */ = {isa = PBXBuildFile; fileRef = 73147DA31C62EBB500FD70B8 /* FBSDKCoreKit.framework */; };
		73147DA61C62EBB500FD70B8 /* FBSDKLoginKit.framework in Frameworks */ = {isa = PBXBuildFile; fileRef = 73147DA41C62EBB500FD70B8 /* FBSDKLoginKit.framework */; };
		73147DA91C62EF8800FD70B8 /* Discover.storyboard in Resources */ = {isa = PBXBuildFile; fileRef = 73147DA81C62EF8800FD70B8 /* Discover.storyboard */; };
		73147DB51C62F2D300FD70B8 /* ItemType.swift in Sources */ = {isa = PBXBuildFile; fileRef = 73147DB41C62F2D300FD70B8 /* ItemType.swift */; };
		73147DBF1C62F37700FD70B8 /* ListingsServiceProvider.swift in Sources */ = {isa = PBXBuildFile; fileRef = 73147DBE1C62F37700FD70B8 /* ListingsServiceProvider.swift */; };
		73147DC11C62F44D00FD70B8 /* Listing.swift in Sources */ = {isa = PBXBuildFile; fileRef = 73147DC01C62F44D00FD70B8 /* Listing.swift */; };
		73147DC31C62F4C300FD70B8 /* AdvertisedListing.swift in Sources */ = {isa = PBXBuildFile; fileRef = 73147DC21C62F4C300FD70B8 /* AdvertisedListing.swift */; };
		732E50A01C99F08300E8A247 /* Haneke.framework in Frameworks */ = {isa = PBXBuildFile; fileRef = 732E509F1C99F08300E8A247 /* Haneke.framework */; };
		732E50A31C9A40BB00E8A247 /* OrderVC.swift in Sources */ = {isa = PBXBuildFile; fileRef = 732E50A21C9A40BB00E8A247 /* OrderVC.swift */; };
		733620E81C60743E00893034 /* AppDelegate.swift in Sources */ = {isa = PBXBuildFile; fileRef = 733620E71C60743E00893034 /* AppDelegate.swift */; };
		733620EA1C60743E00893034 /* ViewController.swift in Sources */ = {isa = PBXBuildFile; fileRef = 733620E91C60743E00893034 /* ViewController.swift */; };
		733620ED1C60743E00893034 /* Main.storyboard in Resources */ = {isa = PBXBuildFile; fileRef = 733620EB1C60743E00893034 /* Main.storyboard */; };
		733620F01C60743E00893034 /* Bygo_Client.xcdatamodeld in Sources */ = {isa = PBXBuildFile; fileRef = 733620EE1C60743E00893034 /* Bygo_Client.xcdatamodeld */; };
		733620F21C60743F00893034 /* Assets.xcassets in Resources */ = {isa = PBXBuildFile; fileRef = 733620F11C60743F00893034 /* Assets.xcassets */; };
		733621001C60743F00893034 /* Bygo_ClientTests.swift in Sources */ = {isa = PBXBuildFile; fileRef = 733620FF1C60743F00893034 /* Bygo_ClientTests.swift */; };
		7336210B1C60743F00893034 /* Bygo_ClientUITests.swift in Sources */ = {isa = PBXBuildFile; fileRef = 7336210A1C60743F00893034 /* Bygo_ClientUITests.swift */; };
		7336211A1C60749B00893034 /* User.swift in Sources */ = {isa = PBXBuildFile; fileRef = 733621191C60749B00893034 /* User.swift */; };
		7336211C1C6074D000893034 /* Model.swift in Sources */ = {isa = PBXBuildFile; fileRef = 7336211B1C6074D000893034 /* Model.swift */; };
		7336211F1C6074E200893034 /* UserServiceProvider.swift in Sources */ = {isa = PBXBuildFile; fileRef = 7336211E1C6074E200893034 /* UserServiceProvider.swift */; };
		733621211C60755000893034 /* URLServiceProvider.swift in Sources */ = {isa = PBXBuildFile; fileRef = 733621201C60755000893034 /* URLServiceProvider.swift */; };
		733621381C60764000893034 /* Menu.storyboard in Resources */ = {isa = PBXBuildFile; fileRef = 733621371C60764000893034 /* Menu.storyboard */; };
		7336213E1C6076B700893034 /* MenuContainerVC.swift in Sources */ = {isa = PBXBuildFile; fileRef = 7336213D1C6076B700893034 /* MenuContainerVC.swift */; };
		733621401C6076D500893034 /* MenuVC.swift in Sources */ = {isa = PBXBuildFile; fileRef = 7336213F1C6076D500893034 /* MenuVC.swift */; };
		733621421C60778900893034 /* MenuOptionTableViewCell.swift in Sources */ = {isa = PBXBuildFile; fileRef = 733621411C60778900893034 /* MenuOptionTableViewCell.swift */; };
		733621451C60F31A00893034 /* Login.storyboard in Resources */ = {isa = PBXBuildFile; fileRef = 733621441C60F31A00893034 /* Login.storyboard */; };
		7336214A1C60F44700893034 /* SignUpVC.swift in Sources */ = {isa = PBXBuildFile; fileRef = 733621491C60F44700893034 /* SignUpVC.swift */; };
		7336214C1C60F48600893034 /* LoginVC.swift in Sources */ = {isa = PBXBuildFile; fileRef = 7336214B1C60F48600893034 /* LoginVC.swift */; };
		7336214E1C60F4E100893034 /* PhoneNumberVC.swift in Sources */ = {isa = PBXBuildFile; fileRef = 7336214D1C60F4E100893034 /* PhoneNumberVC.swift */; };
		733621501C60F52F00893034 /* VerifyPhoneNumberVC.swift in Sources */ = {isa = PBXBuildFile; fileRef = 7336214F1C60F52F00893034 /* VerifyPhoneNumberVC.swift */; };
		733621541C6104F200893034 /* Settings.storyboard in Resources */ = {isa = PBXBuildFile; fileRef = 733621531C6104F200893034 /* Settings.storyboard */; };
		733621561C61053200893034 /* SettingsVC.swift in Sources */ = {isa = PBXBuildFile; fileRef = 733621551C61053200893034 /* SettingsVC.swift */; };
		733621581C6106A200893034 /* FavoriteMeetingLocation.swift in Sources */ = {isa = PBXBuildFile; fileRef = 733621571C6106A200893034 /* FavoriteMeetingLocation.swift */; };
		7336215F1C612E1D00893034 /* AccountSettingsVC.swift in Sources */ = {isa = PBXBuildFile; fileRef = 7336215E1C612E1D00893034 /* AccountSettingsVC.swift */; };
		733621611C612E4300893034 /* DataValidator.swift in Sources */ = {isa = PBXBuildFile; fileRef = 733621601C612E4300893034 /* DataValidator.swift */; };
		733621631C61327900893034 /* HomeAddressVC.swift in Sources */ = {isa = PBXBuildFile; fileRef = 733621621C61327900893034 /* HomeAddressVC.swift */; };
		7336216A1C6147C600893034 /* BygoTitleDetailTableViewCell.swift in Sources */ = {isa = PBXBuildFile; fileRef = 733621691C6147C600893034 /* BygoTitleDetailTableViewCell.swift */; };
		73372E6C1CA8D38D0019A6FD /* DiscoveryServiceProvider.swift in Sources */ = {isa = PBXBuildFile; fileRef = 73372E6B1CA8D38D0019A6FD /* DiscoveryServiceProvider.swift */; };
		73372E6E1CA8DC4E0019A6FD /* ItemTypeServiceProvider.swift in Sources */ = {isa = PBXBuildFile; fileRef = 73372E6D1CA8DC4E0019A6FD /* ItemTypeServiceProvider.swift */; };
		73372E711CAF45820019A6FD /* CreateNewListingCollectionViewCell.swift in Sources */ = {isa = PBXBuildFile; fileRef = 73372E701CAF45820019A6FD /* CreateNewListingCollectionViewCell.swift */; };
		73372E731CAF80130019A6FD /* NotificationCollectionViewCell.swift in Sources */ = {isa = PBXBuildFile; fileRef = 73372E721CAF80130019A6FD /* NotificationCollectionViewCell.swift */; };
		73372E751CB015090019A6FD /* BygoGeneralTableViewCell.swift in Sources */ = {isa = PBXBuildFile; fileRef = 73372E741CB015090019A6FD /* BygoGeneralTableViewCell.swift */; };
		73372E771CB0158C0019A6FD /* DashboardVC.swift in Sources */ = {isa = PBXBuildFile; fileRef = 73372E761CB0158C0019A6FD /* DashboardVC.swift */; };
		73372E791CB035D00019A6FD /* NotificationServiceProvider.swift in Sources */ = {isa = PBXBuildFile; fileRef = 73372E781CB035D00019A6FD /* NotificationServiceProvider.swift */; };
		73372E7B1CB038A70019A6FD /* BygoInfoCollectionViewCell.swift in Sources */ = {isa = PBXBuildFile; fileRef = 73372E7A1CB038A70019A6FD /* BygoInfoCollectionViewCell.swift */; };
		73372E7D1CB0475C0019A6FD /* RequestCollectionViewCell.swift in Sources */ = {isa = PBXBuildFile; fileRef = 73372E7C1CB0475C0019A6FD /* RequestCollectionViewCell.swift */; };
		73372E7F1CB0B0AB0019A6FD /* HistoryTableViewCell.swift in Sources */ = {isa = PBXBuildFile; fileRef = 73372E7E1CB0B0AB0019A6FD /* HistoryTableViewCell.swift */; };
		73372E811CB0B3750019A6FD /* HistoryVC.swift in Sources */ = {isa = PBXBuildFile; fileRef = 73372E801CB0B3750019A6FD /* HistoryVC.swift */; };
		73372E831CB0B5420019A6FD /* HistoryServiceProvider.swift in Sources */ = {isa = PBXBuildFile; fileRef = 73372E821CB0B5420019A6FD /* HistoryServiceProvider.swift */; };
		73386BAB1C7957AB005140C7 /* PhoneNumberVerificationServiceProvider.swift in Sources */ = {isa = PBXBuildFile; fileRef = 73386BAA1C7957AB005140C7 /* PhoneNumberVerificationServiceProvider.swift */; };
		73672D2C1C7FC06600352631 /* WelcomeVC.swift in Sources */ = {isa = PBXBuildFile; fileRef = 73672D2B1C7FC06600352631 /* WelcomeVC.swift */; };
		739ADBD31C7F5A1A00C34CC1 /* LoadingScreen.storyboard in Resources */ = {isa = PBXBuildFile; fileRef = 739ADBD21C7F5A1900C34CC1 /* LoadingScreen.storyboard */; };
		739ADBD51C7F5E5B00C34CC1 /* Image.swift in Sources */ = {isa = PBXBuildFile; fileRef = 739ADBD41C7F5E5B00C34CC1 /* Image.swift */; };
		73BA58CF1C81644900C03FCD /* CreateAccountVC.swift in Sources */ = {isa = PBXBuildFile; fileRef = 73BA58CE1C81644900C03FCD /* CreateAccountVC.swift */; };
		73BA58D21C82637900C03FCD /* SearchBar.swift in Sources */ = {isa = PBXBuildFile; fileRef = 73BA58D11C82637900C03FCD /* SearchBar.swift */; };
		73CA5C8E1C8B9C6F004DE3E7 /* SearchBarCollectionViewCell.swift in Sources */ = {isa = PBXBuildFile; fileRef = 73CA5C8D1C8B9C6F004DE3E7 /* SearchBarCollectionViewCell.swift */; };
		73CA5C901C8B9CA9004DE3E7 /* BygoVC.swift in Sources */ = {isa = PBXBuildFile; fileRef = 73CA5C8F1C8B9CA9004DE3E7 /* BygoVC.swift */; };
		73CA5C941C8BA37F004DE3E7 /* ItemTypeCollectionViewCell.swift in Sources */ = {isa = PBXBuildFile; fileRef = 73CA5C931C8BA37F004DE3E7 /* ItemTypeCollectionViewCell.swift */; };
		73CBA5431C6FF41200E3985F /* GoogleService-Info.plist in Resources */ = {isa = PBXBuildFile; fileRef = 73CBA5421C6FF41100E3985F /* GoogleService-Info.plist */; };
		73CBA5441C6FF41200E3985F /* GoogleService-Info.plist in Resources */ = {isa = PBXBuildFile; fileRef = 73CBA5421C6FF41100E3985F /* GoogleService-Info.plist */; };
		73CBA5451C6FF41200E3985F /* GoogleService-Info.plist in Resources */ = {isa = PBXBuildFile; fileRef = 73CBA5421C6FF41100E3985F /* GoogleService-Info.plist */; };
		73D73F981CA77E50009F7404 /* Discovery_0_CollectionViewCell.swift in Sources */ = {isa = PBXBuildFile; fileRef = 73D73F971CA77E50009F7404 /* Discovery_0_CollectionViewCell.swift */; };
		73DD4C991C6575F90003698A /* RealmString.swift in Sources */ = {isa = PBXBuildFile; fileRef = 73DD4C981C6575F90003698A /* RealmString.swift */; };
		73DD4CA21C68F2B30003698A /* MeetingServiceProvider.swift in Sources */ = {isa = PBXBuildFile; fileRef = 73DD4CA11C68F2B30003698A /* MeetingServiceProvider.swift */; };
		73DE66A51C63867D006D9810 /* Dashboard.storyboard in Resources */ = {isa = PBXBuildFile; fileRef = 73DE66A41C63867D006D9810 /* Dashboard.storyboard */; };
		73DE66AB1C639519006D9810 /* ListingsVC.swift in Sources */ = {isa = PBXBuildFile; fileRef = 73DE66AA1C639519006D9810 /* ListingsVC.swift */; };
		73DE66AD1C63959B006D9810 /* ListingsCollectionViewCell.swift in Sources */ = {isa = PBXBuildFile; fileRef = 73DE66AC1C63959B006D9810 /* ListingsCollectionViewCell.swift */; };
		73DE66ED1C63FB8B006D9810 /* ProposedMeetingTime.swift in Sources */ = {isa = PBXBuildFile; fileRef = 73DE66EC1C63FB8B006D9810 /* ProposedMeetingTime.swift */; };
		73DE66EF1C6400F4006D9810 /* RentEvent.swift in Sources */ = {isa = PBXBuildFile; fileRef = 73DE66EE1C6400F4006D9810 /* RentEvent.swift */; };
		73DE66F11C640453006D9810 /* MeetingEvent.swift in Sources */ = {isa = PBXBuildFile; fileRef = 73DE66F01C640453006D9810 /* MeetingEvent.swift */; };
		73DE66F31C6408BB006D9810 /* RentServiceProvider.swift in Sources */ = {isa = PBXBuildFile; fileRef = 73DE66F21C6408BB006D9810 /* RentServiceProvider.swift */; };
		73EDA6861C86E00500F95421 /* AVFoundation.framework in Frameworks */ = {isa = PBXBuildFile; fileRef = 73EDA6851C86E00500F95421 /* AVFoundation.framework */; };
		73EDA6881C86E01E00F95421 /* CoreMedia.framework in Frameworks */ = {isa = PBXBuildFile; fileRef = 73EDA6871C86E01E00F95421 /* CoreMedia.framework */; };
		73EDA68A1C86EDA000F95421 /* NewListingVC.swift in Sources */ = {isa = PBXBuildFile; fileRef = 73EDA6891C86EDA000F95421 /* NewListingVC.swift */; };
		73EDA68E1C88D28C00F95421 /* nick.jpg in Resources */ = {isa = PBXBuildFile; fileRef = 73EDA68C1C88D28C00F95421 /* nick.jpg */; };
		73EDA68F1C88D28C00F95421 /* sayan.jpg in Resources */ = {isa = PBXBuildFile; fileRef = 73EDA68D1C88D28C00F95421 /* sayan.jpg */; };
		73EDA6921C88D33D00F95421 /* guitar.jpg in Resources */ = {isa = PBXBuildFile; fileRef = 73EDA6901C88D33D00F95421 /* guitar.jpg */; };
		73EDA6931C88D33D00F95421 /* xbox_one.jpg in Resources */ = {isa = PBXBuildFile; fileRef = 73EDA6911C88D33D00F95421 /* xbox_one.jpg */; };
		73EDA6951C88D34400F95421 /* tent.jpg in Resources */ = {isa = PBXBuildFile; fileRef = 73EDA6941C88D34400F95421 /* tent.jpg */; };
		73EDA6971C88D34B00F95421 /* board.jpg in Resources */ = {isa = PBXBuildFile; fileRef = 73EDA6961C88D34B00F95421 /* board.jpg */; };
		83D52437121CA4913DC05E61 /* Pods_Bygo_Client.framework in Frameworks */ = {isa = PBXBuildFile; fileRef = 0B40FB4B97106A698CA079DB /* Pods_Bygo_Client.framework */; };
/* End PBXBuildFile section */

/* Begin PBXContainerItemProxy section */
		733620FC1C60743F00893034 /* PBXContainerItemProxy */ = {
			isa = PBXContainerItemProxy;
			containerPortal = 733620DC1C60743E00893034 /* Project object */;
			proxyType = 1;
			remoteGlobalIDString = 733620E31C60743E00893034;
			remoteInfo = Bygo_Client;
		};
		733621071C60743F00893034 /* PBXContainerItemProxy */ = {
			isa = PBXContainerItemProxy;
			containerPortal = 733620DC1C60743E00893034 /* Project object */;
			proxyType = 1;
			remoteGlobalIDString = 733620E31C60743E00893034;
			remoteInfo = Bygo_Client;
		};
/* End PBXContainerItemProxy section */

/* Begin PBXFileReference section */
		02000F982C7B19F6966CF7BB /* Pods-Bygo_Client.debug.xcconfig */ = {isa = PBXFileReference; includeInIndex = 1; lastKnownFileType = text.xcconfig; name = "Pods-Bygo_Client.debug.xcconfig"; path = "Pods/Target Support Files/Pods-Bygo_Client/Pods-Bygo_Client.debug.xcconfig"; sourceTree = "<group>"; };
		0B40FB4B97106A698CA079DB /* Pods_Bygo_Client.framework */ = {isa = PBXFileReference; explicitFileType = wrapper.framework; includeInIndex = 0; path = Pods_Bygo_Client.framework; sourceTree = BUILT_PRODUCTS_DIR; };
		1C084957ADF2117A7464CC94 /* Pods-Bygo_Client.release.xcconfig */ = {isa = PBXFileReference; includeInIndex = 1; lastKnownFileType = text.xcconfig; name = "Pods-Bygo_Client.release.xcconfig"; path = "Pods/Target Support Files/Pods-Bygo_Client/Pods-Bygo_Client.release.xcconfig"; sourceTree = "<group>"; };
		7303C3EA1C727DB700EDD317 /* RentedListingsCollectionViewCell.swift */ = {isa = PBXFileReference; fileEncoding = 4; lastKnownFileType = sourcecode.swift; path = RentedListingsCollectionViewCell.swift; sourceTree = "<group>"; };
		730CAA3B1C762F43000BE681 /* Payments.storyboard */ = {isa = PBXFileReference; fileEncoding = 4; lastKnownFileType = file.storyboard; path = Payments.storyboard; sourceTree = "<group>"; };
		730CAA3F1C76300F000BE681 /* PaymentMethodTableViewCell.swift */ = {isa = PBXFileReference; fileEncoding = 4; lastKnownFileType = sourcecode.swift; path = PaymentMethodTableViewCell.swift; sourceTree = "<group>"; };
		730CAA411C76307A000BE681 /* PaymentMethodsVC.swift */ = {isa = PBXFileReference; fileEncoding = 4; lastKnownFileType = sourcecode.swift; path = PaymentMethodsVC.swift; sourceTree = "<group>"; };
		730CAA431C766128000BE681 /* PaymentsServiceProvider.swift */ = {isa = PBXFileReference; fileEncoding = 4; lastKnownFileType = sourcecode.swift; path = PaymentsServiceProvider.swift; sourceTree = "<group>"; };
		730CAA451C7822B1000BE681 /* UIElements.swift */ = {isa = PBXFileReference; fileEncoding = 4; lastKnownFileType = sourcecode.swift; path = UIElements.swift; sourceTree = "<group>"; };
		730CF8951C97F47600D934A3 /* NewListingImageVC.swift */ = {isa = PBXFileReference; fileEncoding = 4; lastKnownFileType = sourcecode.swift; path = NewListingImageVC.swift; sourceTree = "<group>"; };
		730CF8971C97F5BA00D934A3 /* NewListingTypeVC.swift */ = {isa = PBXFileReference; fileEncoding = 4; lastKnownFileType = sourcecode.swift; path = NewListingTypeVC.swift; sourceTree = "<group>"; };
		730CF8991C9907F200D934A3 /* SuccessVC.swift */ = {isa = PBXFileReference; fileEncoding = 4; lastKnownFileType = sourcecode.swift; path = SuccessVC.swift; sourceTree = "<group>"; };
		730CF89B1C99131F00D934A3 /* AnimatedCheckmarkView.swift */ = {isa = PBXFileReference; fileEncoding = 4; lastKnownFileType = sourcecode.swift; path = AnimatedCheckmarkView.swift; sourceTree = "<group>"; };
		73147D951C61AAD800FD70B8 /* MapKit.framework */ = {isa = PBXFileReference; lastKnownFileType = wrapper.framework; name = MapKit.framework; path = System/Library/Frameworks/MapKit.framework; sourceTree = SDKROOT; };
		73147DA31C62EBB500FD70B8 /* FBSDKCoreKit.framework */ = {isa = PBXFileReference; lastKnownFileType = wrapper.framework; path = FBSDKCoreKit.framework; sourceTree = "<group>"; };
		73147DA41C62EBB500FD70B8 /* FBSDKLoginKit.framework */ = {isa = PBXFileReference; lastKnownFileType = wrapper.framework; path = FBSDKLoginKit.framework; sourceTree = "<group>"; };
		73147DA81C62EF8800FD70B8 /* Discover.storyboard */ = {isa = PBXFileReference; fileEncoding = 4; lastKnownFileType = file.storyboard; path = Discover.storyboard; sourceTree = "<group>"; };
		73147DB41C62F2D300FD70B8 /* ItemType.swift */ = {isa = PBXFileReference; fileEncoding = 4; lastKnownFileType = sourcecode.swift; path = ItemType.swift; sourceTree = "<group>"; };
		73147DBE1C62F37700FD70B8 /* ListingsServiceProvider.swift */ = {isa = PBXFileReference; fileEncoding = 4; lastKnownFileType = sourcecode.swift; path = ListingsServiceProvider.swift; sourceTree = "<group>"; };
		73147DC01C62F44D00FD70B8 /* Listing.swift */ = {isa = PBXFileReference; fileEncoding = 4; lastKnownFileType = sourcecode.swift; path = Listing.swift; sourceTree = "<group>"; };
		73147DC21C62F4C300FD70B8 /* AdvertisedListing.swift */ = {isa = PBXFileReference; fileEncoding = 4; lastKnownFileType = sourcecode.swift; path = AdvertisedListing.swift; sourceTree = "<group>"; };
		732E509F1C99F08300E8A247 /* Haneke.framework */ = {isa = PBXFileReference; lastKnownFileType = wrapper.framework; name = Haneke.framework; path = "Pods/../build/Debug-iphoneos/Haneke.framework"; sourceTree = "<group>"; };
		732E50A21C9A40BB00E8A247 /* OrderVC.swift */ = {isa = PBXFileReference; fileEncoding = 4; lastKnownFileType = sourcecode.swift; path = OrderVC.swift; sourceTree = "<group>"; };
		733620E41C60743E00893034 /* Bygo_Client.app */ = {isa = PBXFileReference; explicitFileType = wrapper.application; includeInIndex = 0; path = Bygo_Client.app; sourceTree = BUILT_PRODUCTS_DIR; };
		733620E71C60743E00893034 /* AppDelegate.swift */ = {isa = PBXFileReference; lastKnownFileType = sourcecode.swift; path = AppDelegate.swift; sourceTree = "<group>"; };
		733620E91C60743E00893034 /* ViewController.swift */ = {isa = PBXFileReference; lastKnownFileType = sourcecode.swift; path = ViewController.swift; sourceTree = "<group>"; };
		733620EC1C60743E00893034 /* Base */ = {isa = PBXFileReference; lastKnownFileType = file.storyboard; name = Base; path = Base.lproj/Main.storyboard; sourceTree = "<group>"; };
		733620EF1C60743E00893034 /* Bygo_Client.xcdatamodel */ = {isa = PBXFileReference; lastKnownFileType = wrapper.xcdatamodel; path = Bygo_Client.xcdatamodel; sourceTree = "<group>"; };
		733620F11C60743F00893034 /* Assets.xcassets */ = {isa = PBXFileReference; lastKnownFileType = folder.assetcatalog; path = Assets.xcassets; sourceTree = "<group>"; };
		733620F61C60743F00893034 /* Info.plist */ = {isa = PBXFileReference; lastKnownFileType = text.plist.xml; path = Info.plist; sourceTree = "<group>"; };
		733620FB1C60743F00893034 /* Bygo_ClientTests.xctest */ = {isa = PBXFileReference; explicitFileType = wrapper.cfbundle; includeInIndex = 0; path = Bygo_ClientTests.xctest; sourceTree = BUILT_PRODUCTS_DIR; };
		733620FF1C60743F00893034 /* Bygo_ClientTests.swift */ = {isa = PBXFileReference; lastKnownFileType = sourcecode.swift; path = Bygo_ClientTests.swift; sourceTree = "<group>"; };
		733621011C60743F00893034 /* Info.plist */ = {isa = PBXFileReference; lastKnownFileType = text.plist.xml; path = Info.plist; sourceTree = "<group>"; };
		733621061C60743F00893034 /* Bygo_ClientUITests.xctest */ = {isa = PBXFileReference; explicitFileType = wrapper.cfbundle; includeInIndex = 0; path = Bygo_ClientUITests.xctest; sourceTree = BUILT_PRODUCTS_DIR; };
		7336210A1C60743F00893034 /* Bygo_ClientUITests.swift */ = {isa = PBXFileReference; lastKnownFileType = sourcecode.swift; path = Bygo_ClientUITests.swift; sourceTree = "<group>"; };
		7336210C1C60743F00893034 /* Info.plist */ = {isa = PBXFileReference; lastKnownFileType = text.plist.xml; path = Info.plist; sourceTree = "<group>"; };
		733621191C60749B00893034 /* User.swift */ = {isa = PBXFileReference; fileEncoding = 4; lastKnownFileType = sourcecode.swift; path = User.swift; sourceTree = "<group>"; };
		7336211B1C6074D000893034 /* Model.swift */ = {isa = PBXFileReference; fileEncoding = 4; lastKnownFileType = sourcecode.swift; path = Model.swift; sourceTree = "<group>"; };
		7336211E1C6074E200893034 /* UserServiceProvider.swift */ = {isa = PBXFileReference; fileEncoding = 4; lastKnownFileType = sourcecode.swift; path = UserServiceProvider.swift; sourceTree = "<group>"; };
		733621201C60755000893034 /* URLServiceProvider.swift */ = {isa = PBXFileReference; fileEncoding = 4; lastKnownFileType = sourcecode.swift; path = URLServiceProvider.swift; sourceTree = "<group>"; };
		733621371C60764000893034 /* Menu.storyboard */ = {isa = PBXFileReference; fileEncoding = 4; lastKnownFileType = file.storyboard; path = Menu.storyboard; sourceTree = "<group>"; };
		7336213D1C6076B700893034 /* MenuContainerVC.swift */ = {isa = PBXFileReference; fileEncoding = 4; lastKnownFileType = sourcecode.swift; path = MenuContainerVC.swift; sourceTree = "<group>"; };
		7336213F1C6076D500893034 /* MenuVC.swift */ = {isa = PBXFileReference; fileEncoding = 4; lastKnownFileType = sourcecode.swift; path = MenuVC.swift; sourceTree = "<group>"; };
		733621411C60778900893034 /* MenuOptionTableViewCell.swift */ = {isa = PBXFileReference; fileEncoding = 4; lastKnownFileType = sourcecode.swift; path = MenuOptionTableViewCell.swift; sourceTree = "<group>"; };
		733621441C60F31A00893034 /* Login.storyboard */ = {isa = PBXFileReference; fileEncoding = 4; lastKnownFileType = file.storyboard; path = Login.storyboard; sourceTree = "<group>"; };
		733621491C60F44700893034 /* SignUpVC.swift */ = {isa = PBXFileReference; fileEncoding = 4; lastKnownFileType = sourcecode.swift; path = SignUpVC.swift; sourceTree = "<group>"; };
		7336214B1C60F48600893034 /* LoginVC.swift */ = {isa = PBXFileReference; fileEncoding = 4; lastKnownFileType = sourcecode.swift; path = LoginVC.swift; sourceTree = "<group>"; };
		7336214D1C60F4E100893034 /* PhoneNumberVC.swift */ = {isa = PBXFileReference; fileEncoding = 4; lastKnownFileType = sourcecode.swift; path = PhoneNumberVC.swift; sourceTree = "<group>"; };
		7336214F1C60F52F00893034 /* VerifyPhoneNumberVC.swift */ = {isa = PBXFileReference; fileEncoding = 4; lastKnownFileType = sourcecode.swift; path = VerifyPhoneNumberVC.swift; sourceTree = "<group>"; };
		733621531C6104F200893034 /* Settings.storyboard */ = {isa = PBXFileReference; fileEncoding = 4; lastKnownFileType = file.storyboard; path = Settings.storyboard; sourceTree = "<group>"; };
		733621551C61053200893034 /* SettingsVC.swift */ = {isa = PBXFileReference; fileEncoding = 4; lastKnownFileType = sourcecode.swift; path = SettingsVC.swift; sourceTree = "<group>"; };
		733621571C6106A200893034 /* FavoriteMeetingLocation.swift */ = {isa = PBXFileReference; fileEncoding = 4; lastKnownFileType = sourcecode.swift; path = FavoriteMeetingLocation.swift; sourceTree = "<group>"; };
		7336215E1C612E1D00893034 /* AccountSettingsVC.swift */ = {isa = PBXFileReference; fileEncoding = 4; lastKnownFileType = sourcecode.swift; path = AccountSettingsVC.swift; sourceTree = "<group>"; };
		733621601C612E4300893034 /* DataValidator.swift */ = {isa = PBXFileReference; fileEncoding = 4; lastKnownFileType = sourcecode.swift; path = DataValidator.swift; sourceTree = "<group>"; };
		733621621C61327900893034 /* HomeAddressVC.swift */ = {isa = PBXFileReference; fileEncoding = 4; lastKnownFileType = sourcecode.swift; path = HomeAddressVC.swift; sourceTree = "<group>"; };
		733621691C6147C600893034 /* BygoTitleDetailTableViewCell.swift */ = {isa = PBXFileReference; fileEncoding = 4; lastKnownFileType = sourcecode.swift; path = BygoTitleDetailTableViewCell.swift; sourceTree = "<group>"; };
		73372E6B1CA8D38D0019A6FD /* DiscoveryServiceProvider.swift */ = {isa = PBXFileReference; fileEncoding = 4; lastKnownFileType = sourcecode.swift; path = DiscoveryServiceProvider.swift; sourceTree = "<group>"; };
		73372E6D1CA8DC4E0019A6FD /* ItemTypeServiceProvider.swift */ = {isa = PBXFileReference; fileEncoding = 4; lastKnownFileType = sourcecode.swift; path = ItemTypeServiceProvider.swift; sourceTree = "<group>"; };
		73372E701CAF45820019A6FD /* CreateNewListingCollectionViewCell.swift */ = {isa = PBXFileReference; fileEncoding = 4; lastKnownFileType = sourcecode.swift; path = CreateNewListingCollectionViewCell.swift; sourceTree = "<group>"; };
		73372E721CAF80130019A6FD /* NotificationCollectionViewCell.swift */ = {isa = PBXFileReference; fileEncoding = 4; lastKnownFileType = sourcecode.swift; path = NotificationCollectionViewCell.swift; sourceTree = "<group>"; };
		73372E741CB015090019A6FD /* BygoGeneralTableViewCell.swift */ = {isa = PBXFileReference; fileEncoding = 4; lastKnownFileType = sourcecode.swift; path = BygoGeneralTableViewCell.swift; sourceTree = "<group>"; };
		73372E761CB0158C0019A6FD /* DashboardVC.swift */ = {isa = PBXFileReference; fileEncoding = 4; lastKnownFileType = sourcecode.swift; path = DashboardVC.swift; sourceTree = "<group>"; };
		73372E781CB035D00019A6FD /* NotificationServiceProvider.swift */ = {isa = PBXFileReference; fileEncoding = 4; lastKnownFileType = sourcecode.swift; path = NotificationServiceProvider.swift; sourceTree = "<group>"; };
		73372E7A1CB038A70019A6FD /* BygoInfoCollectionViewCell.swift */ = {isa = PBXFileReference; fileEncoding = 4; lastKnownFileType = sourcecode.swift; path = BygoInfoCollectionViewCell.swift; sourceTree = "<group>"; };
		73372E7C1CB0475C0019A6FD /* RequestCollectionViewCell.swift */ = {isa = PBXFileReference; fileEncoding = 4; lastKnownFileType = sourcecode.swift; path = RequestCollectionViewCell.swift; sourceTree = "<group>"; };
		73372E7E1CB0B0AB0019A6FD /* HistoryTableViewCell.swift */ = {isa = PBXFileReference; fileEncoding = 4; lastKnownFileType = sourcecode.swift; path = HistoryTableViewCell.swift; sourceTree = "<group>"; };
		73372E801CB0B3750019A6FD /* HistoryVC.swift */ = {isa = PBXFileReference; fileEncoding = 4; lastKnownFileType = sourcecode.swift; path = HistoryVC.swift; sourceTree = "<group>"; };
		73372E821CB0B5420019A6FD /* HistoryServiceProvider.swift */ = {isa = PBXFileReference; fileEncoding = 4; lastKnownFileType = sourcecode.swift; path = HistoryServiceProvider.swift; sourceTree = "<group>"; };
		73386BAA1C7957AB005140C7 /* PhoneNumberVerificationServiceProvider.swift */ = {isa = PBXFileReference; fileEncoding = 4; lastKnownFileType = sourcecode.swift; path = PhoneNumberVerificationServiceProvider.swift; sourceTree = "<group>"; };
		73672D2B1C7FC06600352631 /* WelcomeVC.swift */ = {isa = PBXFileReference; fileEncoding = 4; lastKnownFileType = sourcecode.swift; path = WelcomeVC.swift; sourceTree = "<group>"; };
		739ADBD21C7F5A1900C34CC1 /* LoadingScreen.storyboard */ = {isa = PBXFileReference; fileEncoding = 4; lastKnownFileType = file.storyboard; path = LoadingScreen.storyboard; sourceTree = "<group>"; };
		739ADBD41C7F5E5B00C34CC1 /* Image.swift */ = {isa = PBXFileReference; fileEncoding = 4; lastKnownFileType = sourcecode.swift; path = Image.swift; sourceTree = "<group>"; };
		73BA58CE1C81644900C03FCD /* CreateAccountVC.swift */ = {isa = PBXFileReference; fileEncoding = 4; lastKnownFileType = sourcecode.swift; path = CreateAccountVC.swift; sourceTree = "<group>"; };
		73BA58D11C82637900C03FCD /* SearchBar.swift */ = {isa = PBXFileReference; fileEncoding = 4; lastKnownFileType = sourcecode.swift; path = SearchBar.swift; sourceTree = "<group>"; };
		73CA5C8D1C8B9C6F004DE3E7 /* SearchBarCollectionViewCell.swift */ = {isa = PBXFileReference; fileEncoding = 4; lastKnownFileType = sourcecode.swift; path = SearchBarCollectionViewCell.swift; sourceTree = "<group>"; };
		73CA5C8F1C8B9CA9004DE3E7 /* BygoVC.swift */ = {isa = PBXFileReference; fileEncoding = 4; lastKnownFileType = sourcecode.swift; path = BygoVC.swift; sourceTree = "<group>"; };
		73CA5C931C8BA37F004DE3E7 /* ItemTypeCollectionViewCell.swift */ = {isa = PBXFileReference; fileEncoding = 4; lastKnownFileType = sourcecode.swift; path = ItemTypeCollectionViewCell.swift; sourceTree = "<group>"; };
		73CBA5421C6FF41100E3985F /* GoogleService-Info.plist */ = {isa = PBXFileReference; fileEncoding = 4; lastKnownFileType = text.plist.xml; path = "GoogleService-Info.plist"; sourceTree = "<group>"; };
		73D73F971CA77E50009F7404 /* Discovery_0_CollectionViewCell.swift */ = {isa = PBXFileReference; fileEncoding = 4; lastKnownFileType = sourcecode.swift; path = Discovery_0_CollectionViewCell.swift; sourceTree = "<group>"; };
		73DD4C981C6575F90003698A /* RealmString.swift */ = {isa = PBXFileReference; fileEncoding = 4; lastKnownFileType = sourcecode.swift; path = RealmString.swift; sourceTree = "<group>"; };
		73DD4CA11C68F2B30003698A /* MeetingServiceProvider.swift */ = {isa = PBXFileReference; fileEncoding = 4; lastKnownFileType = sourcecode.swift; path = MeetingServiceProvider.swift; sourceTree = "<group>"; };
		73DD4CC11C6FB1FD0003698A /* Bygo_Client-Bridging-Header.h */ = {isa = PBXFileReference; lastKnownFileType = sourcecode.c.h; path = "Bygo_Client-Bridging-Header.h"; sourceTree = "<group>"; };
		73DE66A41C63867D006D9810 /* Dashboard.storyboard */ = {isa = PBXFileReference; fileEncoding = 4; lastKnownFileType = file.storyboard; path = Dashboard.storyboard; sourceTree = "<group>"; };
		73DE66AA1C639519006D9810 /* ListingsVC.swift */ = {isa = PBXFileReference; fileEncoding = 4; lastKnownFileType = sourcecode.swift; path = ListingsVC.swift; sourceTree = "<group>"; };
		73DE66AC1C63959B006D9810 /* ListingsCollectionViewCell.swift */ = {isa = PBXFileReference; fileEncoding = 4; lastKnownFileType = sourcecode.swift; path = ListingsCollectionViewCell.swift; sourceTree = "<group>"; };
		73DE66EC1C63FB8B006D9810 /* ProposedMeetingTime.swift */ = {isa = PBXFileReference; fileEncoding = 4; lastKnownFileType = sourcecode.swift; path = ProposedMeetingTime.swift; sourceTree = "<group>"; };
		73DE66EE1C6400F4006D9810 /* RentEvent.swift */ = {isa = PBXFileReference; fileEncoding = 4; lastKnownFileType = sourcecode.swift; path = RentEvent.swift; sourceTree = "<group>"; };
		73DE66F01C640453006D9810 /* MeetingEvent.swift */ = {isa = PBXFileReference; fileEncoding = 4; lastKnownFileType = sourcecode.swift; path = MeetingEvent.swift; sourceTree = "<group>"; };
		73DE66F21C6408BB006D9810 /* RentServiceProvider.swift */ = {isa = PBXFileReference; fileEncoding = 4; lastKnownFileType = sourcecode.swift; path = RentServiceProvider.swift; sourceTree = "<group>"; };
		73EDA6851C86E00500F95421 /* AVFoundation.framework */ = {isa = PBXFileReference; lastKnownFileType = wrapper.framework; name = AVFoundation.framework; path = System/Library/Frameworks/AVFoundation.framework; sourceTree = SDKROOT; };
		73EDA6871C86E01E00F95421 /* CoreMedia.framework */ = {isa = PBXFileReference; lastKnownFileType = wrapper.framework; name = CoreMedia.framework; path = System/Library/Frameworks/CoreMedia.framework; sourceTree = SDKROOT; };
		73EDA6891C86EDA000F95421 /* NewListingVC.swift */ = {isa = PBXFileReference; fileEncoding = 4; lastKnownFileType = sourcecode.swift; name = NewListingVC.swift; path = Assets.xcassets/NewListingVC.swift; sourceTree = "<group>"; };
		73EDA68C1C88D28C00F95421 /* nick.jpg */ = {isa = PBXFileReference; lastKnownFileType = image.jpeg; path = nick.jpg; sourceTree = "<group>"; };
		73EDA68D1C88D28C00F95421 /* sayan.jpg */ = {isa = PBXFileReference; lastKnownFileType = image.jpeg; path = sayan.jpg; sourceTree = "<group>"; };
		73EDA6901C88D33D00F95421 /* guitar.jpg */ = {isa = PBXFileReference; lastKnownFileType = image.jpeg; path = guitar.jpg; sourceTree = "<group>"; };
		73EDA6911C88D33D00F95421 /* xbox_one.jpg */ = {isa = PBXFileReference; lastKnownFileType = image.jpeg; path = xbox_one.jpg; sourceTree = "<group>"; };
		73EDA6941C88D34400F95421 /* tent.jpg */ = {isa = PBXFileReference; lastKnownFileType = image.jpeg; path = tent.jpg; sourceTree = "<group>"; };
		73EDA6961C88D34B00F95421 /* board.jpg */ = {isa = PBXFileReference; lastKnownFileType = image.jpeg; path = board.jpg; sourceTree = "<group>"; };
/* End PBXFileReference section */

/* Begin PBXFrameworksBuildPhase section */
		733620E11C60743E00893034 /* Frameworks */ = {
			isa = PBXFrameworksBuildPhase;
			buildActionMask = 2147483647;
			files = (
				732E50A01C99F08300E8A247 /* Haneke.framework in Frameworks */,
				73EDA6881C86E01E00F95421 /* CoreMedia.framework in Frameworks */,
				73EDA6861C86E00500F95421 /* AVFoundation.framework in Frameworks */,
				73147D961C61AAD800FD70B8 /* MapKit.framework in Frameworks */,
				73147DA51C62EBB500FD70B8 /* FBSDKCoreKit.framework in Frameworks */,
				73147DA61C62EBB500FD70B8 /* FBSDKLoginKit.framework in Frameworks */,
				83D52437121CA4913DC05E61 /* Pods_Bygo_Client.framework in Frameworks */,
			);
			runOnlyForDeploymentPostprocessing = 0;
		};
		733620F81C60743F00893034 /* Frameworks */ = {
			isa = PBXFrameworksBuildPhase;
			buildActionMask = 2147483647;
			files = (
			);
			runOnlyForDeploymentPostprocessing = 0;
		};
		733621031C60743F00893034 /* Frameworks */ = {
			isa = PBXFrameworksBuildPhase;
			buildActionMask = 2147483647;
			files = (
			);
			runOnlyForDeploymentPostprocessing = 0;
		};
/* End PBXFrameworksBuildPhase section */

/* Begin PBXGroup section */
		730CAA3A1C762F35000BE681 /* Payments */ = {
			isa = PBXGroup;
			children = (
				730CAA3B1C762F43000BE681 /* Payments.storyboard */,
				730CAA3D1C762FF4000BE681 /* Controllers */,
				730CAA3E1C762FF9000BE681 /* Cells */,
			);
			name = Payments;
			sourceTree = "<group>";
		};
		730CAA3D1C762FF4000BE681 /* Controllers */ = {
			isa = PBXGroup;
			children = (
				730CAA411C76307A000BE681 /* PaymentMethodsVC.swift */,
			);
			name = Controllers;
			sourceTree = "<group>";
		};
		730CAA3E1C762FF9000BE681 /* Cells */ = {
			isa = PBXGroup;
			children = (
				730CAA3F1C76300F000BE681 /* PaymentMethodTableViewCell.swift */,
			);
			name = Cells;
			sourceTree = "<group>";
		};
		73147DA71C62EF6200FD70B8 /* Discover */ = {
			isa = PBXGroup;
			children = (
				73147DA81C62EF8800FD70B8 /* Discover.storyboard */,
				73147DAC1C62EFAF00FD70B8 /* Controllers */,
				73147DAF1C62F10000FD70B8 /* Cells */,
				73BA58D01C82636300C03FCD /* Views */,
			);
			name = Discover;
			sourceTree = "<group>";
		};
		73147DAC1C62EFAF00FD70B8 /* Controllers */ = {
			isa = PBXGroup;
			children = (
				730CF8951C97F47600D934A3 /* NewListingImageVC.swift */,
				730CF8971C97F5BA00D934A3 /* NewListingTypeVC.swift */,
				732E50A21C9A40BB00E8A247 /* OrderVC.swift */,
				73CA5C8F1C8B9CA9004DE3E7 /* BygoVC.swift */,
			);
			name = Controllers;
			sourceTree = "<group>";
		};
		73147DAF1C62F10000FD70B8 /* Cells */ = {
			isa = PBXGroup;
			children = (
				73CA5C8D1C8B9C6F004DE3E7 /* SearchBarCollectionViewCell.swift */,
				73CA5C931C8BA37F004DE3E7 /* ItemTypeCollectionViewCell.swift */,
				73D73F971CA77E50009F7404 /* Discovery_0_CollectionViewCell.swift */,
				73372E701CAF45820019A6FD /* CreateNewListingCollectionViewCell.swift */,
			);
			name = Cells;
			sourceTree = "<group>";
		};
		733620DB1C60743E00893034 = {
			isa = PBXGroup;
			children = (
				73CBA5421C6FF41100E3985F /* GoogleService-Info.plist */,
				733620E61C60743E00893034 /* Bygo_Client */,
				733620FE1C60743F00893034 /* Bygo_ClientTests */,
				733621091C60743F00893034 /* Bygo_ClientUITests */,
				733620E51C60743E00893034 /* Products */,
				D2F4293878E3957CCB3A53CB /* Pods */,
				A2782F337481769C245D6DDC /* Frameworks */,
			);
			sourceTree = "<group>";
		};
		733620E51C60743E00893034 /* Products */ = {
			isa = PBXGroup;
			children = (
				733620E41C60743E00893034 /* Bygo_Client.app */,
				733620FB1C60743F00893034 /* Bygo_ClientTests.xctest */,
				733621061C60743F00893034 /* Bygo_ClientUITests.xctest */,
			);
			name = Products;
			sourceTree = "<group>";
		};
		733620E61C60743E00893034 /* Bygo_Client */ = {
			isa = PBXGroup;
			children = (
				73DD4CC11C6FB1FD0003698A /* Bygo_Client-Bridging-Header.h */,
				733620E71C60743E00893034 /* AppDelegate.swift */,
				733620E91C60743E00893034 /* ViewController.swift */,
				730CAA451C7822B1000BE681 /* UIElements.swift */,
				73EDA68B1C88D28200F95421 /* DemoImages */,
				733621391C60766600893034 /* Modules */,
				733621181C60745100893034 /* Model */,
				733621431C60F30B00893034 /* Storyboards */,
				733620F11C60743F00893034 /* Assets.xcassets */,
				733620F61C60743F00893034 /* Info.plist */,
				733620EE1C60743E00893034 /* Bygo_Client.xcdatamodeld */,
			);
			path = Bygo_Client;
			sourceTree = "<group>";
		};
		733620FE1C60743F00893034 /* Bygo_ClientTests */ = {
			isa = PBXGroup;
			children = (
				733620FF1C60743F00893034 /* Bygo_ClientTests.swift */,
				733621011C60743F00893034 /* Info.plist */,
			);
			path = Bygo_ClientTests;
			sourceTree = "<group>";
		};
		733621091C60743F00893034 /* Bygo_ClientUITests */ = {
			isa = PBXGroup;
			children = (
				7336210A1C60743F00893034 /* Bygo_ClientUITests.swift */,
				7336210C1C60743F00893034 /* Info.plist */,
			);
			path = Bygo_ClientUITests;
			sourceTree = "<group>";
		};
		733621181C60745100893034 /* Model */ = {
			isa = PBXGroup;
			children = (
				7336211B1C6074D000893034 /* Model.swift */,
				7336211D1C6074D600893034 /* Services */,
				733621511C60F90B00893034 /* Entities */,
			);
			name = Model;
			sourceTree = "<group>";
		};
		7336211D1C6074D600893034 /* Services */ = {
			isa = PBXGroup;
			children = (
				7336211E1C6074E200893034 /* UserServiceProvider.swift */,
				73372E6B1CA8D38D0019A6FD /* DiscoveryServiceProvider.swift */,
				73372E6D1CA8DC4E0019A6FD /* ItemTypeServiceProvider.swift */,
				73147DBE1C62F37700FD70B8 /* ListingsServiceProvider.swift */,
				73372E781CB035D00019A6FD /* NotificationServiceProvider.swift */,
				73DE66F21C6408BB006D9810 /* RentServiceProvider.swift */,
				73372E821CB0B5420019A6FD /* HistoryServiceProvider.swift */,
				73DD4CA11C68F2B30003698A /* MeetingServiceProvider.swift */,
				730CAA431C766128000BE681 /* PaymentsServiceProvider.swift */,
				73386BAA1C7957AB005140C7 /* PhoneNumberVerificationServiceProvider.swift */,
				733621201C60755000893034 /* URLServiceProvider.swift */,
				733621601C612E4300893034 /* DataValidator.swift */,
			);
			name = Services;
			sourceTree = "<group>";
		};
		733621391C60766600893034 /* Modules */ = {
			isa = PBXGroup;
			children = (
				730CF8991C9907F200D934A3 /* SuccessVC.swift */,
				730CF89B1C99131F00D934A3 /* AnimatedCheckmarkView.swift */,
				739ADBD11C7F5A0700C34CC1 /* LoadingScreen */,
				730CAA3A1C762F35000BE681 /* Payments */,
				73147DA71C62EF6200FD70B8 /* Discover */,
				73DE66A31C63864E006D9810 /* Dashboard */,
				733621521C6104E600893034 /* Settings */,
				733621461C60F33F00893034 /* Login */,
				7336213A1C60766F00893034 /* Menu */,
			);
			name = Modules;
			sourceTree = "<group>";
		};
		7336213A1C60766F00893034 /* Menu */ = {
			isa = PBXGroup;
			children = (
				733621371C60764000893034 /* Menu.storyboard */,
				733621661C6132A000893034 /* Controllers */,
				733621671C6132A600893034 /* Cells */,
			);
			name = Menu;
			sourceTree = "<group>";
		};
		733621431C60F30B00893034 /* Storyboards */ = {
			isa = PBXGroup;
			children = (
				733620EB1C60743E00893034 /* Main.storyboard */,
			);
			name = Storyboards;
			sourceTree = "<group>";
		};
		733621461C60F33F00893034 /* Login */ = {
			isa = PBXGroup;
			children = (
				733621441C60F31A00893034 /* Login.storyboard */,
				733621651C61329500893034 /* Controllers */,
			);
			name = Login;
			sourceTree = "<group>";
		};
		733621511C60F90B00893034 /* Entities */ = {
			isa = PBXGroup;
			children = (
				733621191C60749B00893034 /* User.swift */,
				73DD4C981C6575F90003698A /* RealmString.swift */,
				73147DB41C62F2D300FD70B8 /* ItemType.swift */,
				73147DC01C62F44D00FD70B8 /* Listing.swift */,
				73147DC21C62F4C300FD70B8 /* AdvertisedListing.swift */,
				733621571C6106A200893034 /* FavoriteMeetingLocation.swift */,
				73DE66EC1C63FB8B006D9810 /* ProposedMeetingTime.swift */,
				73DE66EE1C6400F4006D9810 /* RentEvent.swift */,
				73DE66F01C640453006D9810 /* MeetingEvent.swift */,
				739ADBD41C7F5E5B00C34CC1 /* Image.swift */,
			);
			name = Entities;
			sourceTree = "<group>";
		};
		733621521C6104E600893034 /* Settings */ = {
			isa = PBXGroup;
			children = (
				733621531C6104F200893034 /* Settings.storyboard */,
				733621681C6132AE00893034 /* Controllers */,
				733621641C61328100893034 /* Cells */,
			);
			name = Settings;
			sourceTree = "<group>";
		};
		733621641C61328100893034 /* Cells */ = {
			isa = PBXGroup;
			children = (
				733621691C6147C600893034 /* BygoTitleDetailTableViewCell.swift */,
				73372E741CB015090019A6FD /* BygoGeneralTableViewCell.swift */,
			);
			name = Cells;
			sourceTree = "<group>";
		};
		733621651C61329500893034 /* Controllers */ = {
			isa = PBXGroup;
			children = (
				733621491C60F44700893034 /* SignUpVC.swift */,
				7336214D1C60F4E100893034 /* PhoneNumberVC.swift */,
				7336214F1C60F52F00893034 /* VerifyPhoneNumberVC.swift */,
				7336214B1C60F48600893034 /* LoginVC.swift */,
				73672D2B1C7FC06600352631 /* WelcomeVC.swift */,
				73BA58CE1C81644900C03FCD /* CreateAccountVC.swift */,
			);
			name = Controllers;
			sourceTree = "<group>";
		};
		733621661C6132A000893034 /* Controllers */ = {
			isa = PBXGroup;
			children = (
				7336213D1C6076B700893034 /* MenuContainerVC.swift */,
				7336213F1C6076D500893034 /* MenuVC.swift */,
			);
			name = Controllers;
			sourceTree = "<group>";
		};
		733621671C6132A600893034 /* Cells */ = {
			isa = PBXGroup;
			children = (
				733621411C60778900893034 /* MenuOptionTableViewCell.swift */,
			);
			name = Cells;
			sourceTree = "<group>";
		};
		733621681C6132AE00893034 /* Controllers */ = {
			isa = PBXGroup;
			children = (
				733621551C61053200893034 /* SettingsVC.swift */,
				7336215E1C612E1D00893034 /* AccountSettingsVC.swift */,
				733621621C61327900893034 /* HomeAddressVC.swift */,
			);
			name = Controllers;
			sourceTree = "<group>";
		};
		739ADBD11C7F5A0700C34CC1 /* LoadingScreen */ = {
			isa = PBXGroup;
			children = (
				739ADBD21C7F5A1900C34CC1 /* LoadingScreen.storyboard */,
			);
			name = LoadingScreen;
			sourceTree = "<group>";
		};
		73BA58D01C82636300C03FCD /* Views */ = {
			isa = PBXGroup;
			children = (
				73BA58D11C82637900C03FCD /* SearchBar.swift */,
			);
			name = Views;
			sourceTree = "<group>";
		};
		73DE66A31C63864E006D9810 /* Dashboard */ = {
			isa = PBXGroup;
			children = (
				73DE66A41C63867D006D9810 /* Dashboard.storyboard */,
				73DE66A61C6386B4006D9810 /* Controllers */,
				73DE66A71C6386BA006D9810 /* Cells */,
			);
			name = Dashboard;
			sourceTree = "<group>";
		};
		73DE66A61C6386B4006D9810 /* Controllers */ = {
			isa = PBXGroup;
			children = (
				73372E761CB0158C0019A6FD /* DashboardVC.swift */,
				73372E801CB0B3750019A6FD /* HistoryVC.swift */,
				73DE66AA1C639519006D9810 /* ListingsVC.swift */,
				73EDA6891C86EDA000F95421 /* NewListingVC.swift */,
			);
			name = Controllers;
			sourceTree = "<group>";
		};
		73DE66A71C6386BA006D9810 /* Cells */ = {
			isa = PBXGroup;
			children = (
				73372E721CAF80130019A6FD /* NotificationCollectionViewCell.swift */,
				73372E7C1CB0475C0019A6FD /* RequestCollectionViewCell.swift */,
				73DE66AC1C63959B006D9810 /* ListingsCollectionViewCell.swift */,
				7303C3EA1C727DB700EDD317 /* RentedListingsCollectionViewCell.swift */,
				73372E7A1CB038A70019A6FD /* BygoInfoCollectionViewCell.swift */,
				73372E7E1CB0B0AB0019A6FD /* HistoryTableViewCell.swift */,
			);
			name = Cells;
			sourceTree = "<group>";
		};
		73EDA68B1C88D28200F95421 /* DemoImages */ = {
			isa = PBXGroup;
			children = (
				73EDA68C1C88D28C00F95421 /* nick.jpg */,
				73EDA68D1C88D28C00F95421 /* sayan.jpg */,
				73EDA6901C88D33D00F95421 /* guitar.jpg */,
				73EDA6911C88D33D00F95421 /* xbox_one.jpg */,
				73EDA6941C88D34400F95421 /* tent.jpg */,
				73EDA6961C88D34B00F95421 /* board.jpg */,
			);
			name = DemoImages;
			sourceTree = "<group>";
		};
		A2782F337481769C245D6DDC /* Frameworks */ = {
			isa = PBXGroup;
			children = (
				732E509F1C99F08300E8A247 /* Haneke.framework */,
				73EDA6871C86E01E00F95421 /* CoreMedia.framework */,
				73EDA6851C86E00500F95421 /* AVFoundation.framework */,
				73147DA31C62EBB500FD70B8 /* FBSDKCoreKit.framework */,
				73147DA41C62EBB500FD70B8 /* FBSDKLoginKit.framework */,
				73147D951C61AAD800FD70B8 /* MapKit.framework */,
				0B40FB4B97106A698CA079DB /* Pods_Bygo_Client.framework */,
			);
			name = Frameworks;
			sourceTree = "<group>";
		};
		D2F4293878E3957CCB3A53CB /* Pods */ = {
			isa = PBXGroup;
			children = (
				02000F982C7B19F6966CF7BB /* Pods-Bygo_Client.debug.xcconfig */,
				1C084957ADF2117A7464CC94 /* Pods-Bygo_Client.release.xcconfig */,
			);
			name = Pods;
			sourceTree = "<group>";
		};
/* End PBXGroup section */

/* Begin PBXNativeTarget section */
		733620E31C60743E00893034 /* Bygo_Client */ = {
			isa = PBXNativeTarget;
			buildConfigurationList = 7336210F1C60743F00893034 /* Build configuration list for PBXNativeTarget "Bygo_Client" */;
			buildPhases = (
				4E7E72C0914F412871E785B7 /* Check Pods Manifest.lock */,
				733620E01C60743E00893034 /* Sources */,
				733620E11C60743E00893034 /* Frameworks */,
				733620E21C60743E00893034 /* Resources */,
				FE144BFBB629CA3F3190B7A5 /* Embed Pods Frameworks */,
				88664C1B865A3C83C5468CAD /* Copy Pods Resources */,
			);
			buildRules = (
			);
			dependencies = (
			);
			name = Bygo_Client;
			productName = Bygo_Client;
			productReference = 733620E41C60743E00893034 /* Bygo_Client.app */;
			productType = "com.apple.product-type.application";
		};
		733620FA1C60743F00893034 /* Bygo_ClientTests */ = {
			isa = PBXNativeTarget;
			buildConfigurationList = 733621121C60743F00893034 /* Build configuration list for PBXNativeTarget "Bygo_ClientTests" */;
			buildPhases = (
				733620F71C60743F00893034 /* Sources */,
				733620F81C60743F00893034 /* Frameworks */,
				733620F91C60743F00893034 /* Resources */,
			);
			buildRules = (
			);
			dependencies = (
				733620FD1C60743F00893034 /* PBXTargetDependency */,
			);
			name = Bygo_ClientTests;
			productName = Bygo_ClientTests;
			productReference = 733620FB1C60743F00893034 /* Bygo_ClientTests.xctest */;
			productType = "com.apple.product-type.bundle.unit-test";
		};
		733621051C60743F00893034 /* Bygo_ClientUITests */ = {
			isa = PBXNativeTarget;
			buildConfigurationList = 733621151C60743F00893034 /* Build configuration list for PBXNativeTarget "Bygo_ClientUITests" */;
			buildPhases = (
				733621021C60743F00893034 /* Sources */,
				733621031C60743F00893034 /* Frameworks */,
				733621041C60743F00893034 /* Resources */,
			);
			buildRules = (
			);
			dependencies = (
				733621081C60743F00893034 /* PBXTargetDependency */,
			);
			name = Bygo_ClientUITests;
			productName = Bygo_ClientUITests;
			productReference = 733621061C60743F00893034 /* Bygo_ClientUITests.xctest */;
			productType = "com.apple.product-type.bundle.ui-testing";
		};
/* End PBXNativeTarget section */

/* Begin PBXProject section */
		733620DC1C60743E00893034 /* Project object */ = {
			isa = PBXProject;
			attributes = {
				LastSwiftUpdateCheck = 0720;
				LastUpgradeCheck = 0720;
				ORGANIZATIONNAME = "Nicholas Garfield";
				TargetAttributes = {
					733620E31C60743E00893034 = {
						CreatedOnToolsVersion = 7.2;
						DevelopmentTeam = VN3Y9A97XX;
						SystemCapabilities = {
							com.apple.DataProtection = {
								enabled = 1;
							};
							com.apple.Maps.iOS = {
								enabled = 1;
							};
							com.apple.Push = {
								enabled = 1;
							};
						};
					};
					733620FA1C60743F00893034 = {
						CreatedOnToolsVersion = 7.2;
						TestTargetID = 733620E31C60743E00893034;
					};
					733621051C60743F00893034 = {
						CreatedOnToolsVersion = 7.2;
						TestTargetID = 733620E31C60743E00893034;
					};
				};
			};
			buildConfigurationList = 733620DF1C60743E00893034 /* Build configuration list for PBXProject "Bygo_Client" */;
			compatibilityVersion = "Xcode 3.2";
			developmentRegion = English;
			hasScannedForEncodings = 0;
			knownRegions = (
				en,
				Base,
			);
			mainGroup = 733620DB1C60743E00893034;
			productRefGroup = 733620E51C60743E00893034 /* Products */;
			projectDirPath = "";
			projectRoot = "";
			targets = (
				733620E31C60743E00893034 /* Bygo_Client */,
				733620FA1C60743F00893034 /* Bygo_ClientTests */,
				733621051C60743F00893034 /* Bygo_ClientUITests */,
			);
		};
/* End PBXProject section */

/* Begin PBXResourcesBuildPhase section */
		733620E21C60743E00893034 /* Resources */ = {
			isa = PBXResourcesBuildPhase;
			buildActionMask = 2147483647;
			files = (
				733620F21C60743F00893034 /* Assets.xcassets in Resources */,
				739ADBD31C7F5A1A00C34CC1 /* LoadingScreen.storyboard in Resources */,
				73EDA6951C88D34400F95421 /* tent.jpg in Resources */,
				73EDA68F1C88D28C00F95421 /* sayan.jpg in Resources */,
				733620ED1C60743E00893034 /* Main.storyboard in Resources */,
				73EDA68E1C88D28C00F95421 /* nick.jpg in Resources */,
				73EDA6921C88D33D00F95421 /* guitar.jpg in Resources */,
				73DE66A51C63867D006D9810 /* Dashboard.storyboard in Resources */,
				733621541C6104F200893034 /* Settings.storyboard in Resources */,
				73EDA6931C88D33D00F95421 /* xbox_one.jpg in Resources */,
				73EDA6971C88D34B00F95421 /* board.jpg in Resources */,
				733621451C60F31A00893034 /* Login.storyboard in Resources */,
				73CBA5431C6FF41200E3985F /* GoogleService-Info.plist in Resources */,
				73147DA91C62EF8800FD70B8 /* Discover.storyboard in Resources */,
				733621381C60764000893034 /* Menu.storyboard in Resources */,
				730CAA3C1C762F44000BE681 /* Payments.storyboard in Resources */,
			);
			runOnlyForDeploymentPostprocessing = 0;
		};
		733620F91C60743F00893034 /* Resources */ = {
			isa = PBXResourcesBuildPhase;
			buildActionMask = 2147483647;
			files = (
				73CBA5441C6FF41200E3985F /* GoogleService-Info.plist in Resources */,
			);
			runOnlyForDeploymentPostprocessing = 0;
		};
		733621041C60743F00893034 /* Resources */ = {
			isa = PBXResourcesBuildPhase;
			buildActionMask = 2147483647;
			files = (
				73CBA5451C6FF41200E3985F /* GoogleService-Info.plist in Resources */,
			);
			runOnlyForDeploymentPostprocessing = 0;
		};
/* End PBXResourcesBuildPhase section */

/* Begin PBXShellScriptBuildPhase section */
		4E7E72C0914F412871E785B7 /* Check Pods Manifest.lock */ = {
			isa = PBXShellScriptBuildPhase;
			buildActionMask = 2147483647;
			files = (
			);
			inputPaths = (
			);
			name = "Check Pods Manifest.lock";
			outputPaths = (
			);
			runOnlyForDeploymentPostprocessing = 0;
			shellPath = /bin/sh;
			shellScript = "diff \"${PODS_ROOT}/../Podfile.lock\" \"${PODS_ROOT}/Manifest.lock\" > /dev/null\nif [[ $? != 0 ]] ; then\n    cat << EOM\nerror: The sandbox is not in sync with the Podfile.lock. Run 'pod install' or update your CocoaPods installation.\nEOM\n    exit 1\nfi\n";
			showEnvVarsInLog = 0;
		};
		88664C1B865A3C83C5468CAD /* Copy Pods Resources */ = {
			isa = PBXShellScriptBuildPhase;
			buildActionMask = 2147483647;
			files = (
			);
			inputPaths = (
			);
			name = "Copy Pods Resources";
			outputPaths = (
			);
			runOnlyForDeploymentPostprocessing = 0;
			shellPath = /bin/sh;
			shellScript = "\"${SRCROOT}/Pods/Target Support Files/Pods-Bygo_Client/Pods-Bygo_Client-resources.sh\"\n";
			showEnvVarsInLog = 0;
		};
		FE144BFBB629CA3F3190B7A5 /* Embed Pods Frameworks */ = {
			isa = PBXShellScriptBuildPhase;
			buildActionMask = 2147483647;
			files = (
			);
			inputPaths = (
			);
			name = "Embed Pods Frameworks";
			outputPaths = (
			);
			runOnlyForDeploymentPostprocessing = 0;
			shellPath = /bin/sh;
			shellScript = "\"${SRCROOT}/Pods/Target Support Files/Pods-Bygo_Client/Pods-Bygo_Client-frameworks.sh\"\n";
			showEnvVarsInLog = 0;
		};
/* End PBXShellScriptBuildPhase section */

/* Begin PBXSourcesBuildPhase section */
		733620E01C60743E00893034 /* Sources */ = {
			isa = PBXSourcesBuildPhase;
			buildActionMask = 2147483647;
			files = (
				73BA58D21C82637900C03FCD /* SearchBar.swift in Sources */,
				73372E771CB0158C0019A6FD /* DashboardVC.swift in Sources */,
				733621501C60F52F00893034 /* VerifyPhoneNumberVC.swift in Sources */,
				73CA5C941C8BA37F004DE3E7 /* ItemTypeCollectionViewCell.swift in Sources */,
				73147DBF1C62F37700FD70B8 /* ListingsServiceProvider.swift in Sources */,
				73372E831CB0B5420019A6FD /* HistoryServiceProvider.swift in Sources */,
				73DE66ED1C63FB8B006D9810 /* ProposedMeetingTime.swift in Sources */,
				73DE66EF1C6400F4006D9810 /* RentEvent.swift in Sources */,
				73372E811CB0B3750019A6FD /* HistoryVC.swift in Sources */,
				7336214E1C60F4E100893034 /* PhoneNumberVC.swift in Sources */,
				73372E7F1CB0B0AB0019A6FD /* HistoryTableViewCell.swift in Sources */,
				7336215F1C612E1D00893034 /* AccountSettingsVC.swift in Sources */,
				739ADBD51C7F5E5B00C34CC1 /* Image.swift in Sources */,
				73147DC11C62F44D00FD70B8 /* Listing.swift in Sources */,
				7336211C1C6074D000893034 /* Model.swift in Sources */,
				733621421C60778900893034 /* MenuOptionTableViewCell.swift in Sources */,
				73372E7D1CB0475C0019A6FD /* RequestCollectionViewCell.swift in Sources */,
				732E50A31C9A40BB00E8A247 /* OrderVC.swift in Sources */,
				73672D2C1C7FC06600352631 /* WelcomeVC.swift in Sources */,
				73EDA68A1C86EDA000F95421 /* NewListingVC.swift in Sources */,
				73DE66F11C640453006D9810 /* MeetingEvent.swift in Sources */,
				7336213E1C6076B700893034 /* MenuContainerVC.swift in Sources */,
				7336211A1C60749B00893034 /* User.swift in Sources */,
				7336214A1C60F44700893034 /* SignUpVC.swift in Sources */,
				73CA5C901C8B9CA9004DE3E7 /* BygoVC.swift in Sources */,
				73D73F981CA77E50009F7404 /* Discovery_0_CollectionViewCell.swift in Sources */,
				73DD4CA21C68F2B30003698A /* MeetingServiceProvider.swift in Sources */,
				733620EA1C60743E00893034 /* ViewController.swift in Sources */,
				7336211F1C6074E200893034 /* UserServiceProvider.swift in Sources */,
				73CA5C8E1C8B9C6F004DE3E7 /* SearchBarCollectionViewCell.swift in Sources */,
				733621401C6076D500893034 /* MenuVC.swift in Sources */,
				73DE66AD1C63959B006D9810 /* ListingsCollectionViewCell.swift in Sources */,
				7303C3EB1C727DB800EDD317 /* RentedListingsCollectionViewCell.swift in Sources */,
				7336216A1C6147C600893034 /* BygoTitleDetailTableViewCell.swift in Sources */,
				730CAA461C7822B1000BE681 /* UIElements.swift in Sources */,
				733621581C6106A200893034 /* FavoriteMeetingLocation.swift in Sources */,
				730CAA421C76307A000BE681 /* PaymentMethodsVC.swift in Sources */,
				730CF89A1C9907F200D934A3 /* SuccessVC.swift in Sources */,
				730CF89C1C99131F00D934A3 /* AnimatedCheckmarkView.swift in Sources */,
				73386BAB1C7957AB005140C7 /* PhoneNumberVerificationServiceProvider.swift in Sources */,
				730CF8961C97F47600D934A3 /* NewListingImageVC.swift in Sources */,
				73DE66F31C6408BB006D9810 /* RentServiceProvider.swift in Sources */,
				733621631C61327900893034 /* HomeAddressVC.swift in Sources */,
				73372E6C1CA8D38D0019A6FD /* DiscoveryServiceProvider.swift in Sources */,
				73372E791CB035D00019A6FD /* NotificationServiceProvider.swift in Sources */,
				73372E711CAF45820019A6FD /* CreateNewListingCollectionViewCell.swift in Sources */,
				73BA58CF1C81644900C03FCD /* CreateAccountVC.swift in Sources */,
				73372E6E1CA8DC4E0019A6FD /* ItemTypeServiceProvider.swift in Sources */,
				73DE66AB1C639519006D9810 /* ListingsVC.swift in Sources */,
				733621611C612E4300893034 /* DataValidator.swift in Sources */,
				73372E7B1CB038A70019A6FD /* BygoInfoCollectionViewCell.swift in Sources */,
				733621211C60755000893034 /* URLServiceProvider.swift in Sources */,
				730CAA441C766128000BE681 /* PaymentsServiceProvider.swift in Sources */,
				7336214C1C60F48600893034 /* LoginVC.swift in Sources */,
				733620F01C60743E00893034 /* Bygo_Client.xcdatamodeld in Sources */,
				73DD4C991C6575F90003698A /* RealmString.swift in Sources */,
				730CF8981C97F5BA00D934A3 /* NewListingTypeVC.swift in Sources */,
				73372E731CAF80130019A6FD /* NotificationCollectionViewCell.swift in Sources */,
				73147DC31C62F4C300FD70B8 /* AdvertisedListing.swift in Sources */,
				730CAA401C76300F000BE681 /* PaymentMethodTableViewCell.swift in Sources */,
				733620E81C60743E00893034 /* AppDelegate.swift in Sources */,
				73372E751CB015090019A6FD /* BygoGeneralTableViewCell.swift in Sources */,
				733621561C61053200893034 /* SettingsVC.swift in Sources */,
				73147DB51C62F2D300FD70B8 /* ItemType.swift in Sources */,
			);
			runOnlyForDeploymentPostprocessing = 0;
		};
		733620F71C60743F00893034 /* Sources */ = {
			isa = PBXSourcesBuildPhase;
			buildActionMask = 2147483647;
			files = (
				733621001C60743F00893034 /* Bygo_ClientTests.swift in Sources */,
			);
			runOnlyForDeploymentPostprocessing = 0;
		};
		733621021C60743F00893034 /* Sources */ = {
			isa = PBXSourcesBuildPhase;
			buildActionMask = 2147483647;
			files = (
				7336210B1C60743F00893034 /* Bygo_ClientUITests.swift in Sources */,
			);
			runOnlyForDeploymentPostprocessing = 0;
		};
/* End PBXSourcesBuildPhase section */

/* Begin PBXTargetDependency section */
		733620FD1C60743F00893034 /* PBXTargetDependency */ = {
			isa = PBXTargetDependency;
			target = 733620E31C60743E00893034 /* Bygo_Client */;
			targetProxy = 733620FC1C60743F00893034 /* PBXContainerItemProxy */;
		};
		733621081C60743F00893034 /* PBXTargetDependency */ = {
			isa = PBXTargetDependency;
			target = 733620E31C60743E00893034 /* Bygo_Client */;
			targetProxy = 733621071C60743F00893034 /* PBXContainerItemProxy */;
		};
/* End PBXTargetDependency section */

/* Begin PBXVariantGroup section */
		733620EB1C60743E00893034 /* Main.storyboard */ = {
			isa = PBXVariantGroup;
			children = (
				733620EC1C60743E00893034 /* Base */,
			);
			name = Main.storyboard;
			sourceTree = "<group>";
		};
/* End PBXVariantGroup section */

/* Begin XCBuildConfiguration section */
		7336210D1C60743F00893034 /* Debug */ = {
			isa = XCBuildConfiguration;
			buildSettings = {
				ALWAYS_SEARCH_USER_PATHS = NO;
				CLANG_CXX_LANGUAGE_STANDARD = "gnu++0x";
				CLANG_CXX_LIBRARY = "libc++";
				CLANG_ENABLE_MODULES = YES;
				CLANG_ENABLE_OBJC_ARC = YES;
				CLANG_WARN_BOOL_CONVERSION = YES;
				CLANG_WARN_CONSTANT_CONVERSION = YES;
				CLANG_WARN_DIRECT_OBJC_ISA_USAGE = YES_ERROR;
				CLANG_WARN_EMPTY_BODY = YES;
				CLANG_WARN_ENUM_CONVERSION = YES;
				CLANG_WARN_INT_CONVERSION = YES;
				CLANG_WARN_OBJC_ROOT_CLASS = YES_ERROR;
				CLANG_WARN_UNREACHABLE_CODE = YES;
				CLANG_WARN__DUPLICATE_METHOD_MATCH = YES;
				CODE_SIGN_IDENTITY = "iPhone Developer";
				"CODE_SIGN_IDENTITY[sdk=iphoneos*]" = "iPhone Developer";
				COPY_PHASE_STRIP = NO;
				DEBUG_INFORMATION_FORMAT = dwarf;
				ENABLE_BITCODE = NO;
				ENABLE_STRICT_OBJC_MSGSEND = YES;
				ENABLE_TESTABILITY = YES;
				FRAMEWORK_SEARCH_PATHS = (
					"$(PROJECT_DIR)",
					"$(inherited)",
				);
				GCC_C_LANGUAGE_STANDARD = gnu99;
				GCC_DYNAMIC_NO_PIC = NO;
				GCC_NO_COMMON_BLOCKS = YES;
				GCC_OPTIMIZATION_LEVEL = 0;
				GCC_PREPROCESSOR_DEFINITIONS = (
					"DEBUG=1",
					"$(inherited)",
				);
				GCC_WARN_64_TO_32_BIT_CONVERSION = YES;
				GCC_WARN_ABOUT_RETURN_TYPE = YES_ERROR;
				GCC_WARN_UNDECLARED_SELECTOR = YES;
				GCC_WARN_UNINITIALIZED_AUTOS = YES_AGGRESSIVE;
				GCC_WARN_UNUSED_FUNCTION = YES;
				GCC_WARN_UNUSED_VARIABLE = YES;
				IPHONEOS_DEPLOYMENT_TARGET = 9.0;
				MTL_ENABLE_DEBUG_INFO = YES;
				ONLY_ACTIVE_ARCH = YES;
				SDKROOT = iphoneos;
				SWIFT_OPTIMIZATION_LEVEL = "-Onone";
			};
			name = Debug;
		};
		7336210E1C60743F00893034 /* Release */ = {
			isa = XCBuildConfiguration;
			buildSettings = {
				ALWAYS_SEARCH_USER_PATHS = NO;
				CLANG_CXX_LANGUAGE_STANDARD = "gnu++0x";
				CLANG_CXX_LIBRARY = "libc++";
				CLANG_ENABLE_MODULES = YES;
				CLANG_ENABLE_OBJC_ARC = YES;
				CLANG_WARN_BOOL_CONVERSION = YES;
				CLANG_WARN_CONSTANT_CONVERSION = YES;
				CLANG_WARN_DIRECT_OBJC_ISA_USAGE = YES_ERROR;
				CLANG_WARN_EMPTY_BODY = YES;
				CLANG_WARN_ENUM_CONVERSION = YES;
				CLANG_WARN_INT_CONVERSION = YES;
				CLANG_WARN_OBJC_ROOT_CLASS = YES_ERROR;
				CLANG_WARN_UNREACHABLE_CODE = YES;
				CLANG_WARN__DUPLICATE_METHOD_MATCH = YES;
				CODE_SIGN_IDENTITY = "iPhone Developer";
				"CODE_SIGN_IDENTITY[sdk=iphoneos*]" = "iPhone Developer";
				COPY_PHASE_STRIP = NO;
				DEBUG_INFORMATION_FORMAT = "dwarf-with-dsym";
				ENABLE_BITCODE = NO;
				ENABLE_NS_ASSERTIONS = NO;
				ENABLE_STRICT_OBJC_MSGSEND = YES;
				FRAMEWORK_SEARCH_PATHS = (
					"$(PROJECT_DIR)",
					"$(inherited)",
				);
				GCC_C_LANGUAGE_STANDARD = gnu99;
				GCC_NO_COMMON_BLOCKS = YES;
				GCC_WARN_64_TO_32_BIT_CONVERSION = YES;
				GCC_WARN_ABOUT_RETURN_TYPE = YES_ERROR;
				GCC_WARN_UNDECLARED_SELECTOR = YES;
				GCC_WARN_UNINITIALIZED_AUTOS = YES_AGGRESSIVE;
				GCC_WARN_UNUSED_FUNCTION = YES;
				GCC_WARN_UNUSED_VARIABLE = YES;
				IPHONEOS_DEPLOYMENT_TARGET = 9.0;
				MTL_ENABLE_DEBUG_INFO = NO;
				SDKROOT = iphoneos;
				VALIDATE_PRODUCT = YES;
			};
			name = Release;
		};
		733621101C60743F00893034 /* Debug */ = {
			isa = XCBuildConfiguration;
			baseConfigurationReference = 02000F982C7B19F6966CF7BB /* Pods-Bygo_Client.debug.xcconfig */;
			buildSettings = {
				ASSETCATALOG_COMPILER_APPICON_NAME = AppIcon;
				CODE_SIGN_IDENTITY = "iPhone Developer";
				"CODE_SIGN_IDENTITY[sdk=iphoneos*]" = "iPhone Developer";
				FRAMEWORK_SEARCH_PATHS = (
					"$(inherited)",
					"$(PROJECT_DIR)",
				);
				INFOPLIST_FILE = Bygo_Client/Info.plist;
				IPHONEOS_DEPLOYMENT_TARGET = 9.0;
				LD_RUNPATH_SEARCH_PATHS = "$(inherited) @executable_path/Frameworks";
				PRODUCT_BUNDLE_IDENTIFIER = "com.NicholasGarfield.Bygo-Client";
				PRODUCT_NAME = "$(TARGET_NAME)";
				PROVISIONING_PROFILE = "";
			};
			name = Debug;
		};
		733621111C60743F00893034 /* Release */ = {
			isa = XCBuildConfiguration;
			baseConfigurationReference = 1C084957ADF2117A7464CC94 /* Pods-Bygo_Client.release.xcconfig */;
			buildSettings = {
				ASSETCATALOG_COMPILER_APPICON_NAME = AppIcon;
				CODE_SIGN_IDENTITY = "iPhone Developer";
				"CODE_SIGN_IDENTITY[sdk=iphoneos*]" = "iPhone Developer";
				FRAMEWORK_SEARCH_PATHS = (
					"$(inherited)",
					"$(PROJECT_DIR)",
				);
				INFOPLIST_FILE = Bygo_Client/Info.plist;
				IPHONEOS_DEPLOYMENT_TARGET = 9.0;
				LD_RUNPATH_SEARCH_PATHS = "$(inherited) @executable_path/Frameworks";
				PRODUCT_BUNDLE_IDENTIFIER = "com.NicholasGarfield.Bygo-Client";
				PRODUCT_NAME = "$(TARGET_NAME)";
				PROVISIONING_PROFILE = "";
			};
			name = Release;
		};
		733621131C60743F00893034 /* Debug */ = {
			isa = XCBuildConfiguration;
			buildSettings = {
				BUNDLE_LOADER = "$(TEST_HOST)";
				INFOPLIST_FILE = Bygo_ClientTests/Info.plist;
				LD_RUNPATH_SEARCH_PATHS = "$(inherited) @executable_path/Frameworks @loader_path/Frameworks";
				PRODUCT_BUNDLE_IDENTIFIER = "com.NicholasGarfield.Bygo-ClientTests";
				PRODUCT_NAME = "$(TARGET_NAME)";
				TEST_HOST = "$(BUILT_PRODUCTS_DIR)/Bygo_Client.app/Bygo_Client";
			};
			name = Debug;
		};
		733621141C60743F00893034 /* Release */ = {
			isa = XCBuildConfiguration;
			buildSettings = {
				BUNDLE_LOADER = "$(TEST_HOST)";
				INFOPLIST_FILE = Bygo_ClientTests/Info.plist;
				LD_RUNPATH_SEARCH_PATHS = "$(inherited) @executable_path/Frameworks @loader_path/Frameworks";
				PRODUCT_BUNDLE_IDENTIFIER = "com.NicholasGarfield.Bygo-ClientTests";
				PRODUCT_NAME = "$(TARGET_NAME)";
				TEST_HOST = "$(BUILT_PRODUCTS_DIR)/Bygo_Client.app/Bygo_Client";
			};
			name = Release;
		};
		733621161C60743F00893034 /* Debug */ = {
			isa = XCBuildConfiguration;
			buildSettings = {
				ENABLE_BITCODE = NO;
				INFOPLIST_FILE = Bygo_ClientUITests/Info.plist;
				LD_RUNPATH_SEARCH_PATHS = "$(inherited) @executable_path/Frameworks @loader_path/Frameworks";
				PRODUCT_BUNDLE_IDENTIFIER = "com.NicholasGarfield.Bygo-ClientUITests";
				PRODUCT_NAME = "$(TARGET_NAME)";
				TEST_TARGET_NAME = Bygo_Client;
				USES_XCTRUNNER = YES;
			};
			name = Debug;
		};
		733621171C60743F00893034 /* Release */ = {
			isa = XCBuildConfiguration;
			buildSettings = {
				ENABLE_BITCODE = NO;
				INFOPLIST_FILE = Bygo_ClientUITests/Info.plist;
				LD_RUNPATH_SEARCH_PATHS = "$(inherited) @executable_path/Frameworks @loader_path/Frameworks";
				PRODUCT_BUNDLE_IDENTIFIER = "com.NicholasGarfield.Bygo-ClientUITests";
				PRODUCT_NAME = "$(TARGET_NAME)";
				TEST_TARGET_NAME = Bygo_Client;
				USES_XCTRUNNER = YES;
			};
			name = Release;
		};
/* End XCBuildConfiguration section */

/* Begin XCConfigurationList section */
		733620DF1C60743E00893034 /* Build configuration list for PBXProject "Bygo_Client" */ = {
			isa = XCConfigurationList;
			buildConfigurations = (
				7336210D1C60743F00893034 /* Debug */,
				7336210E1C60743F00893034 /* Release */,
			);
			defaultConfigurationIsVisible = 0;
			defaultConfigurationName = Release;
		};
		7336210F1C60743F00893034 /* Build configuration list for PBXNativeTarget "Bygo_Client" */ = {
			isa = XCConfigurationList;
			buildConfigurations = (
				733621101C60743F00893034 /* Debug */,
				733621111C60743F00893034 /* Release */,
			);
			defaultConfigurationIsVisible = 0;
			defaultConfigurationName = Release;
		};
		733621121C60743F00893034 /* Build configuration list for PBXNativeTarget "Bygo_ClientTests" */ = {
			isa = XCConfigurationList;
			buildConfigurations = (
				733621131C60743F00893034 /* Debug */,
				733621141C60743F00893034 /* Release */,
			);
			defaultConfigurationIsVisible = 0;
			defaultConfigurationName = Release;
		};
		733621151C60743F00893034 /* Build configuration list for PBXNativeTarget "Bygo_ClientUITests" */ = {
			isa = XCConfigurationList;
			buildConfigurations = (
				733621161C60743F00893034 /* Debug */,
				733621171C60743F00893034 /* Release */,
			);
			defaultConfigurationIsVisible = 0;
			defaultConfigurationName = Release;
		};
/* End XCConfigurationList section */

/* Begin XCVersionGroup section */
		733620EE1C60743E00893034 /* Bygo_Client.xcdatamodeld */ = {
			isa = XCVersionGroup;
			children = (
				733620EF1C60743E00893034 /* Bygo_Client.xcdatamodel */,
			);
			currentVersion = 733620EF1C60743E00893034 /* Bygo_Client.xcdatamodel */;
			path = Bygo_Client.xcdatamodeld;
			sourceTree = "<group>";
			versionGroupType = wrapper.xcdatamodel;
		};
/* End XCVersionGroup section */
	};
	rootObject = 733620DC1C60743E00893034 /* Project object */;
}
